// !$*UTF8*$!
{
	archiveVersion = 1;
	classes = {
	};
	objectVersion = 46;
	objects = {

/* Begin PBXBuildFile section */
		F416F4AA1C0926B2007286DF /* main.m in Sources */ = {isa = PBXBuildFile; fileRef = F416F4A91C0926B2007286DF /* main.m */; };
		F416F4AD1C0926B2007286DF /* AppDelegate.m in Sources */ = {isa = PBXBuildFile; fileRef = F416F4AC1C0926B2007286DF /* AppDelegate.m */; };
		F416F4B01C0926B3007286DF /* ViewController.m in Sources */ = {isa = PBXBuildFile; fileRef = F416F4AF1C0926B3007286DF /* ViewController.m */; };
		F416F4B31C0926B3007286DF /* Main.storyboard in Resources */ = {isa = PBXBuildFile; fileRef = F416F4B11C0926B3007286DF /* Main.storyboard */; };
		F416F4B51C0926B3007286DF /* Assets.xcassets in Resources */ = {isa = PBXBuildFile; fileRef = F416F4B41C0926B3007286DF /* Assets.xcassets */; };
		F416F4B81C0926B3007286DF /* LaunchScreen.storyboard in Resources */ = {isa = PBXBuildFile; fileRef = F416F4B61C0926B3007286DF /* LaunchScreen.storyboard */; };
		F416F4C21C092720007286DF /* DataConvertor.m in Sources */ = {isa = PBXBuildFile; fileRef = F416F4C11C092720007286DF /* DataConvertor.m */; };
		F416F4C51C093C9D007286DF /* jpgsample.jpg in Resources */ = {isa = PBXBuildFile; fileRef = F416F4C41C093C9D007286DF /* jpgsample.jpg */; };
		F416F4C71C093CA5007286DF /* pngsample.png in Resources */ = {isa = PBXBuildFile; fileRef = F416F4C61C093CA5007286DF /* pngsample.png */; };
/* End PBXBuildFile section */

/* Begin PBXFileReference section */
		F416F4A51C0926B2007286DF /* DataConvertor.app */ = {isa = PBXFileReference; explicitFileType = wrapper.application; includeInIndex = 0; path = DataConvertor.app; sourceTree = BUILT_PRODUCTS_DIR; };
		F416F4A91C0926B2007286DF /* main.m */ = {isa = PBXFileReference; lastKnownFileType = sourcecode.c.objc; path = main.m; sourceTree = "<group>"; };
		F416F4AB1C0926B2007286DF /* AppDelegate.h */ = {isa = PBXFileReference; lastKnownFileType = sourcecode.c.h; path = AppDelegate.h; sourceTree = "<group>"; };
		F416F4AC1C0926B2007286DF /* AppDelegate.m */ = {isa = PBXFileReference; lastKnownFileType = sourcecode.c.objc; path = AppDelegate.m; sourceTree = "<group>"; };
		F416F4AE1C0926B3007286DF /* ViewController.h */ = {isa = PBXFileReference; lastKnownFileType = sourcecode.c.h; path = ViewController.h; sourceTree = "<group>"; };
		F416F4AF1C0926B3007286DF /* ViewController.m */ = {isa = PBXFileReference; lastKnownFileType = sourcecode.c.objc; path = ViewController.m; sourceTree = "<group>"; };
		F416F4B21C0926B3007286DF /* Base */ = {isa = PBXFileReference; lastKnownFileType = file.storyboard; name = Base; path = Base.lproj/Main.storyboard; sourceTree = "<group>"; };
		F416F4B41C0926B3007286DF /* Assets.xcassets */ = {isa = PBXFileReference; lastKnownFileType = folder.assetcatalog; path = Assets.xcassets; sourceTree = "<group>"; };
		F416F4B71C0926B3007286DF /* Base */ = {isa = PBXFileReference; lastKnownFileType = file.storyboard; name = Base; path = Base.lproj/LaunchScreen.storyboard; sourceTree = "<group>"; };
		F416F4B91C0926B3007286DF /* Info.plist */ = {isa = PBXFileReference; lastKnownFileType = text.plist.xml; path = Info.plist; sourceTree = "<group>"; };
		F416F4C01C092720007286DF /* DataConvertor.h */ = {isa = PBXFileReference; fileEncoding = 4; lastKnownFileType = sourcecode.c.h; path = DataConvertor.h; sourceTree = "<group>"; };
		F416F4C11C092720007286DF /* DataConvertor.m */ = {isa = PBXFileReference; fileEncoding = 4; lastKnownFileType = sourcecode.c.objc; path = DataConvertor.m; sourceTree = "<group>"; };
		F416F4C41C093C9D007286DF /* jpgsample.jpg */ = {isa = PBXFileReference; lastKnownFileType = image.jpeg; path = jpgsample.jpg; sourceTree = "<group>"; };
		F416F4C61C093CA5007286DF /* pngsample.png */ = {isa = PBXFileReference; lastKnownFileType = image.png; path = pngsample.png; sourceTree = "<group>"; };
/* End PBXFileReference section */

/* Begin PBXFrameworksBuildPhase section */
		F416F4A21C0926B2007286DF /* Frameworks */ = {
			isa = PBXFrameworksBuildPhase;
			buildActionMask = 2147483647;
			files = (
			);
			runOnlyForDeploymentPostprocessing = 0;
		};
/* End PBXFrameworksBuildPhase section */

/* Begin PBXGroup section */
		F416F49C1C0926B2007286DF = {
			isa = PBXGroup;
			children = (
				F416F4BF1C0926F9007286DF /* PEAR-DataConvertor-iOS */,
				F416F4A71C0926B2007286DF /* DataConvertor */,
				F416F4A61C0926B2007286DF /* Products */,
			);
			sourceTree = "<group>";
		};
		F416F4A61C0926B2007286DF /* Products */ = {
			isa = PBXGroup;
			children = (
				F416F4A51C0926B2007286DF /* DataConvertor.app */,
			);
			name = Products;
			sourceTree = "<group>";
		};
		F416F4A71C0926B2007286DF /* DataConvertor */ = {
			isa = PBXGroup;
			children = (
				F416F4C31C093C7E007286DF /* resource */,
				F416F4AB1C0926B2007286DF /* AppDelegate.h */,
				F416F4AC1C0926B2007286DF /* AppDelegate.m */,
				F416F4AE1C0926B3007286DF /* ViewController.h */,
				F416F4AF1C0926B3007286DF /* ViewController.m */,
				F416F4B11C0926B3007286DF /* Main.storyboard */,
				F416F4B41C0926B3007286DF /* Assets.xcassets */,
				F416F4B61C0926B3007286DF /* LaunchScreen.storyboard */,
				F416F4B91C0926B3007286DF /* Info.plist */,
				F416F4A81C0926B2007286DF /* Supporting Files */,
			);
			path = DataConvertor;
			sourceTree = "<group>";
		};
		F416F4A81C0926B2007286DF /* Supporting Files */ = {
			isa = PBXGroup;
			children = (
				F416F4A91C0926B2007286DF /* main.m */,
			);
			name = "Supporting Files";
			sourceTree = "<group>";
		};
		F416F4BF1C0926F9007286DF /* PEAR-DataConvertor-iOS */ = {
			isa = PBXGroup;
			children = (
				F416F4C01C092720007286DF /* DataConvertor.h */,
				F416F4C11C092720007286DF /* DataConvertor.m */,
			);
			path = "PEAR-DataConvertor-iOS";
			sourceTree = "<group>";
		};
		F416F4C31C093C7E007286DF /* resource */ = {
			isa = PBXGroup;
			children = (
				F416F4C61C093CA5007286DF /* pngsample.png */,
				F416F4C41C093C9D007286DF /* jpgsample.jpg */,
			);
			name = resource;
			sourceTree = "<group>";
		};
/* End PBXGroup section */

/* Begin PBXNativeTarget section */
		F416F4A41C0926B2007286DF /* DataConvertor */ = {
			isa = PBXNativeTarget;
			buildConfigurationList = F416F4BC1C0926B3007286DF /* Build configuration list for PBXNativeTarget "DataConvertor" */;
			buildPhases = (
				F416F4A11C0926B2007286DF /* Sources */,
				F416F4A21C0926B2007286DF /* Frameworks */,
				F416F4A31C0926B2007286DF /* Resources */,
			);
			buildRules = (
			);
			dependencies = (
			);
			name = DataConvertor;
			productName = DataConvertor;
			productReference = F416F4A51C0926B2007286DF /* DataConvertor.app */;
			productType = "com.apple.product-type.application";
		};
/* End PBXNativeTarget section */

/* Begin PBXProject section */
		F416F49D1C0926B2007286DF /* Project object */ = {
			isa = PBXProject;
			attributes = {
				LastUpgradeCheck = 0710;
				ORGANIZATIONNAME = hirokiumatani;
				TargetAttributes = {
					F416F4A41C0926B2007286DF = {
						CreatedOnToolsVersion = 7.1.1;
					};
				};
			};
			buildConfigurationList = F416F4A01C0926B2007286DF /* Build configuration list for PBXProject "DataConvertor" */;
			compatibilityVersion = "Xcode 3.2";
			developmentRegion = English;
			hasScannedForEncodings = 0;
			knownRegions = (
				en,
				Base,
			);
			mainGroup = F416F49C1C0926B2007286DF;
			productRefGroup = F416F4A61C0926B2007286DF /* Products */;
			projectDirPath = "";
			projectRoot = "";
			targets = (
				F416F4A41C0926B2007286DF /* DataConvertor */,
			);
		};
/* End PBXProject section */

/* Begin PBXResourcesBuildPhase section */
		F416F4A31C0926B2007286DF /* Resources */ = {
			isa = PBXResourcesBuildPhase;
			buildActionMask = 2147483647;
			files = (
				F416F4B81C0926B3007286DF /* LaunchScreen.storyboard in Resources */,
				F416F4B51C0926B3007286DF /* Assets.xcassets in Resources */,
				F416F4C71C093CA5007286DF /* pngsample.png in Resources */,
				F416F4B31C0926B3007286DF /* Main.storyboard in Resources */,
				F416F4C51C093C9D007286DF /* jpgsample.jpg in Resources */,
			);
			runOnlyForDeploymentPostprocessing = 0;
		};
/* End PBXResourcesBuildPhase section */

/* Begin PBXSourcesBuildPhase section */
		F416F4A11C0926B2007286DF /* Sources */ = {
			isa = PBXSourcesBuildPhase;
			buildActionMask = 2147483647;
			files = (
				F416F4B01C0926B3007286DF /* ViewController.m in Sources */,
				F416F4AD1C0926B2007286DF /* AppDelegate.m in Sources */,
				F416F4C21C092720007286DF /* DataConvertor.m in Sources */,
				F416F4AA1C0926B2007286DF /* main.m in Sources */,
			);
			runOnlyForDeploymentPostprocessing = 0;
		};
/* End PBXSourcesBuildPhase section */

/* Begin PBXVariantGroup section */
		F416F4B11C0926B3007286DF /* Main.storyboard */ = {
			isa = PBXVariantGroup;
			children = (
				F416F4B21C0926B3007286DF /* Base */,
			);
			name = Main.storyboard;
			sourceTree = "<group>";
		};
		F416F4B61C0926B3007286DF /* LaunchScreen.storyboard */ = {
			isa = PBXVariantGroup;
			children = (
				F416F4B71C0926B3007286DF /* Base */,
			);
			name = LaunchScreen.storyboard;
			sourceTree = "<group>";
		};
/* End PBXVariantGroup section */

/* Begin XCBuildConfiguration section */
		F416F4BA1C0926B3007286DF /* Debug */ = {
			isa = XCBuildConfiguration;
			buildSettings = {
				ALWAYS_SEARCH_USER_PATHS = NO;
				CLANG_CXX_LANGUAGE_STANDARD = "gnu++0x";
				CLANG_CXX_LIBRARY = "libc++";
				CLANG_ENABLE_MODULES = YES;
				CLANG_ENABLE_OBJC_ARC = YES;
				CLANG_WARN_BOOL_CONVERSION = YES;
				CLANG_WARN_CONSTANT_CONVERSION = YES;
				CLANG_WARN_DIRECT_OBJC_ISA_USAGE = YES_ERROR;
				CLANG_WARN_EMPTY_BODY = YES;
				CLANG_WARN_ENUM_CONVERSION = YES;
				CLANG_WARN_INT_CONVERSION = YES;
				CLANG_WARN_OBJC_ROOT_CLASS = YES_ERROR;
				CLANG_WARN_UNREACHABLE_CODE = YES;
				CLANG_WARN__DUPLICATE_METHOD_MATCH = YES;
				"CODE_SIGN_IDENTITY[sdk=iphoneos*]" = "iPhone Developer";
				COPY_PHASE_STRIP = NO;
				DEBUG_INFORMATION_FORMAT = dwarf;
				ENABLE_STRICT_OBJC_MSGSEND = YES;
				ENABLE_TESTABILITY = YES;
				GCC_C_LANGUAGE_STANDARD = gnu99;
				GCC_DYNAMIC_NO_PIC = NO;
				GCC_NO_COMMON_BLOCKS = YES;
				GCC_OPTIMIZATION_LEVEL = 0;
				GCC_PREPROCESSOR_DEFINITIONS = (
					"DEBUG=1",
					"$(inherited)",
				);
				GCC_WARN_64_TO_32_BIT_CONVERSION = YES;
				GCC_WARN_ABOUT_RETURN_TYPE = YES_ERROR;
				GCC_WARN_UNDECLARED_SELECTOR = YES;
				GCC_WARN_UNINITIALIZED_AUTOS = YES_AGGRESSIVE;
				GCC_WARN_UNUSED_FUNCTION = YES;
				GCC_WARN_UNUSED_VARIABLE = YES;
				IPHONEOS_DEPLOYMENT_TARGET = 9.1;
				MTL_ENABLE_DEBUG_INFO = YES;
				ONLY_ACTIVE_ARCH = YES;
				SDKROOT = iphoneos;
				TARGETED_DEVICE_FAMILY = "1,2";
			};
			name = Debug;
		};
		F416F4BB1C0926B3007286DF /* Release */ = {
			isa = XCBuildConfiguration;
			buildSettings = {
				ALWAYS_SEARCH_USER_PATHS = NO;
				CLANG_CXX_LANGUAGE_STANDARD = "gnu++0x";
				CLANG_CXX_LIBRARY = "libc++";
				CLANG_ENABLE_MODULES = YES;
				CLANG_ENABLE_OBJC_ARC = YES;
				CLANG_WARN_BOOL_CONVERSION = YES;
				CLANG_WARN_CONSTANT_CONVERSION = YES;
				CLANG_WARN_DIRECT_OBJC_ISA_USAGE = YES_ERROR;
				CLANG_WARN_EMPTY_BODY = YES;
				CLANG_WARN_ENUM_CONVERSION = YES;
				CLANG_WARN_INT_CONVERSION = YES;
				CLANG_WARN_OBJC_ROOT_CLASS = YES_ERROR;
				CLANG_WARN_UNREACHABLE_CODE = YES;
				CLANG_WARN__DUPLICATE_METHOD_MATCH = YES;
				"CODE_SIGN_IDENTITY[sdk=iphoneos*]" = "iPhone Developer";
				COPY_PHASE_STRIP = NO;
				DEBUG_INFORMATION_FORMAT = "dwarf-with-dsym";
				ENABLE_NS_ASSERTIONS = NO;
				ENABLE_STRICT_OBJC_MSGSEND = YES;
				GCC_C_LANGUAGE_STANDARD = gnu99;
				GCC_NO_COMMON_BLOCKS = YES;
				GCC_WARN_64_TO_32_BIT_CONVERSION = YES;
				GCC_WARN_ABOUT_RETURN_TYPE = YES_ERROR;
				GCC_WARN_UNDECLARED_SELECTOR = YES;
				GCC_WARN_UNINITIALIZED_AUTOS = YES_AGGRESSIVE;
				GCC_WARN_UNUSED_FUNCTION = YES;
				GCC_WARN_UNUSED_VARIABLE = YES;
				IPHONEOS_DEPLOYMENT_TARGET = 9.1;
				MTL_ENABLE_DEBUG_INFO = NO;
				SDKROOT = iphoneos;
				TARGETED_DEVICE_FAMILY = "1,2";
				VALIDATE_PRODUCT = YES;
			};
			name = Release;
		};
		F416F4BD1C0926B3007286DF /* Debug */ = {
			isa = XCBuildConfiguration;
			buildSettings = {
				ASSETCATALOG_COMPILER_APPICON_NAME = AppIcon;
				INFOPLIST_FILE = DataConvertor/Info.plist;
				LD_RUNPATH_SEARCH_PATHS = "$(inherited) @executable_path/Frameworks";
				PRODUCT_BUNDLE_IDENTIFIER = kari.jp.co.hirokiumatani.DataConvertor;
				PRODUCT_NAME = "$(TARGET_NAME)";
			};
			name = Debug;
		};
		F416F4BE1C0926B3007286DF /* Release */ = {
			isa = XCBuildConfiguration;
			buildSettings = {
				ASSETCATALOG_COMPILER_APPICON_NAME = AppIcon;
				INFOPLIST_FILE = DataConvertor/Info.plist;
				LD_RUNPATH_SEARCH_PATHS = "$(inherited) @executable_path/Frameworks";
				PRODUCT_BUNDLE_IDENTIFIER = kari.jp.co.hirokiumatani.DataConvertor;
				PRODUCT_NAME = "$(TARGET_NAME)";
			};
			name = Release;
		};
/* End XCBuildConfiguration section */

/* Begin XCConfigurationList section */
		F416F4A01C0926B2007286DF /* Build configuration list for PBXProject "DataConvertor" */ = {
			isa = XCConfigurationList;
			buildConfigurations = (
				F416F4BA1C0926B3007286DF /* Debug */,
				F416F4BB1C0926B3007286DF /* Release */,
			);
			defaultConfigurationIsVisible = 0;
			defaultConfigurationName = Release;
		};
		F416F4BC1C0926B3007286DF /* Build configuration list for PBXNativeTarget "DataConvertor" */ = {
			isa = XCConfigurationList;
			buildConfigurations = (
				F416F4BD1C0926B3007286DF /* Debug */,
				F416F4BE1C0926B3007286DF /* Release */,
			);
			defaultConfigurationIsVisible = 0;
		};
/* End XCConfigurationList section */
	};
	rootObject = F416F49D1C0926B2007286DF /* Project object */;
}
